lockfileVersion: '9.0'

settings:
  autoInstallPeers: true
  excludeLinksFromLockfile: false

importers:

  .:
    dependencies:
      npm-check-updates:
        specifier: 17.1.1
        version: 17.1.1

packages:

  npm-check-updates@17.1.1:
    resolution: {integrity: sha512-2aqIzGAEWB7xPf0hKHTkNmUM5jHbn2S5r2/z/7dA5Ij2h/sVYAg9R/uVkaUC3VORPAfBm7pKkCWo6E9clEVQ9A==}
    engines: {node: ^18.18.0 || >=20.0.0, npm: '>=8.12.1'}
    hasBin: true

snapshots:

  npm-check-updates@17.1.1: {}
