lockfileVersion: '9.0'

settings:
  autoInstallPeers: true
  excludeLinksFromLockfile: false

importers:

  .:
    dependencies:
      npm-check-updates:
        specifier: 17.1.3
        version: 17.1.3

packages:

  npm-check-updates@17.1.3:
    resolution: {integrity: sha512-4uDLBWPuDHT5KLieIJ20FoAB8yqJejmupI42wPyfObgQOBbPAikQSwT73afDwREvhuxYrRDqlRvxTMSfvO+L8A==}
    engines: {node: ^18.18.0 || >=20.0.0, npm: '>=8.12.1'}
    hasBin: true

snapshots:

  npm-check-updates@17.1.3: {}
